// !$*UTF8*$!
{
	archiveVersion = 1;
	classes = {
	};
	objectVersion = 50;
	objects = {

/* Begin PBXBuildFile section */
		F692FE5E236EE8CD00F13E09 /* AppDelegate.swift in Sources */ = {isa = PBXBuildFile; fileRef = F692FE5D236EE8CD00F13E09 /* AppDelegate.swift */; };
		F692FE60236EE8CD00F13E09 /* SceneDelegate.swift in Sources */ = {isa = PBXBuildFile; fileRef = F692FE5F236EE8CD00F13E09 /* SceneDelegate.swift */; };
		F692FE62236EE8CD00F13E09 /* ViewController.swift in Sources */ = {isa = PBXBuildFile; fileRef = F692FE61236EE8CD00F13E09 /* ViewController.swift */; };
		F692FE65236EE8CD00F13E09 /* Main.storyboard in Resources */ = {isa = PBXBuildFile; fileRef = F692FE63236EE8CD00F13E09 /* Main.storyboard */; };
		F692FE67236EE8CE00F13E09 /* Assets.xcassets in Resources */ = {isa = PBXBuildFile; fileRef = F692FE66236EE8CE00F13E09 /* Assets.xcassets */; };
		F692FE6A236EE8CE00F13E09 /* LaunchScreen.storyboard in Resources */ = {isa = PBXBuildFile; fileRef = F692FE68236EE8CE00F13E09 /* LaunchScreen.storyboard */; };
		F692FE72236EE8E300F13E09 /* SimpleRedux.swift in Sources */ = {isa = PBXBuildFile; fileRef = F692FE71236EE8E300F13E09 /* SimpleRedux.swift */; };
/* End PBXBuildFile section */

/* Begin PBXFileReference section */
		F692FE5A236EE8CD00F13E09 /* ReduxTest.app */ = {isa = PBXFileReference; explicitFileType = wrapper.application; includeInIndex = 0; path = ReduxTest.app; sourceTree = BUILT_PRODUCTS_DIR; };
		F692FE5D236EE8CD00F13E09 /* AppDelegate.swift */ = {isa = PBXFileReference; lastKnownFileType = sourcecode.swift; path = AppDelegate.swift; sourceTree = "<group>"; };
		F692FE5F236EE8CD00F13E09 /* SceneDelegate.swift */ = {isa = PBXFileReference; lastKnownFileType = sourcecode.swift; path = SceneDelegate.swift; sourceTree = "<group>"; };
		F692FE61236EE8CD00F13E09 /* ViewController.swift */ = {isa = PBXFileReference; lastKnownFileType = sourcecode.swift; path = ViewController.swift; sourceTree = "<group>"; };
		F692FE64236EE8CD00F13E09 /* Base */ = {isa = PBXFileReference; lastKnownFileType = file.storyboard; name = Base; path = Base.lproj/Main.storyboard; sourceTree = "<group>"; };
		F692FE66236EE8CE00F13E09 /* Assets.xcassets */ = {isa = PBXFileReference; lastKnownFileType = folder.assetcatalog; path = Assets.xcassets; sourceTree = "<group>"; };
		F692FE69236EE8CE00F13E09 /* Base */ = {isa = PBXFileReference; lastKnownFileType = file.storyboard; name = Base; path = Base.lproj/LaunchScreen.storyboard; sourceTree = "<group>"; };
		F692FE6B236EE8CE00F13E09 /* Info.plist */ = {isa = PBXFileReference; lastKnownFileType = text.plist.xml; path = Info.plist; sourceTree = "<group>"; };
		F692FE71236EE8E300F13E09 /* SimpleRedux.swift */ = {isa = PBXFileReference; lastKnownFileType = sourcecode.swift; path = SimpleRedux.swift; sourceTree = "<group>"; };
/* End PBXFileReference section */

/* Begin PBXFrameworksBuildPhase section */
		F692FE57236EE8CD00F13E09 /* Frameworks */ = {
			isa = PBXFrameworksBuildPhase;
			buildActionMask = 2147483647;
			files = (
			);
			runOnlyForDeploymentPostprocessing = 0;
		};
/* End PBXFrameworksBuildPhase section */

/* Begin PBXGroup section */
		F692FE51236EE8CD00F13E09 = {
			isa = PBXGroup;
			children = (
				F692FE5C236EE8CD00F13E09 /* ReduxTest */,
				F692FE5B236EE8CD00F13E09 /* Products */,
			);
			sourceTree = "<group>";
		};
		F692FE5B236EE8CD00F13E09 /* Products */ = {
			isa = PBXGroup;
			children = (
				F692FE5A236EE8CD00F13E09 /* ReduxTest.app */,
			);
			name = Products;
			sourceTree = "<group>";
		};
		F692FE5C236EE8CD00F13E09 /* ReduxTest */ = {
			isa = PBXGroup;
			children = (
				F692FE5D236EE8CD00F13E09 /* AppDelegate.swift */,
				F692FE5F236EE8CD00F13E09 /* SceneDelegate.swift */,
				F692FE71236EE8E300F13E09 /* SimpleRedux.swift */,
				F692FE61236EE8CD00F13E09 /* ViewController.swift */,
				F692FE63236EE8CD00F13E09 /* Main.storyboard */,
				F692FE66236EE8CE00F13E09 /* Assets.xcassets */,
				F692FE68236EE8CE00F13E09 /* LaunchScreen.storyboard */,
				F692FE6B236EE8CE00F13E09 /* Info.plist */,
			);
			path = ReduxTest;
			sourceTree = "<group>";
		};
/* End PBXGroup section */

/* Begin PBXNativeTarget section */
		F692FE59236EE8CD00F13E09 /* ReduxTest */ = {
			isa = PBXNativeTarget;
			buildConfigurationList = F692FE6E236EE8CE00F13E09 /* Build configuration list for PBXNativeTarget "ReduxTest" */;
			buildPhases = (
				F692FE56236EE8CD00F13E09 /* Sources */,
				F692FE57236EE8CD00F13E09 /* Frameworks */,
				F692FE58236EE8CD00F13E09 /* Resources */,
			);
			buildRules = (
			);
			dependencies = (
			);
			name = ReduxTest;
			productName = ReduxTest;
			productReference = F692FE5A236EE8CD00F13E09 /* ReduxTest.app */;
			productType = "com.apple.product-type.application";
		};
/* End PBXNativeTarget section */

/* Begin PBXProject section */
		F692FE52236EE8CD00F13E09 /* Project object */ = {
			isa = PBXProject;
			attributes = {
				LastSwiftUpdateCheck = 1100;
				LastUpgradeCheck = 1100;
				ORGANIZATIONNAME = Lion;
				TargetAttributes = {
					F692FE59236EE8CD00F13E09 = {
						CreatedOnToolsVersion = 11.0;
					};
				};
			};
			buildConfigurationList = F692FE55236EE8CD00F13E09 /* Build configuration list for PBXProject "ReduxTest" */;
			compatibilityVersion = "Xcode 9.3";
			developmentRegion = en;
			hasScannedForEncodings = 0;
			knownRegions = (
				en,
				Base,
			);
			mainGroup = F692FE51236EE8CD00F13E09;
			productRefGroup = F692FE5B236EE8CD00F13E09 /* Products */;
			projectDirPath = "";
			projectRoot = "";
			targets = (
				F692FE59236EE8CD00F13E09 /* ReduxTest */,
			);
		};
/* End PBXProject section */

/* Begin PBXResourcesBuildPhase section */
		F692FE58236EE8CD00F13E09 /* Resources */ = {
			isa = PBXResourcesBuildPhase;
			buildActionMask = 2147483647;
			files = (
				F692FE6A236EE8CE00F13E09 /* LaunchScreen.storyboard in Resources */,
				F692FE67236EE8CE00F13E09 /* Assets.xcassets in Resources */,
				F692FE65236EE8CD00F13E09 /* Main.storyboard in Resources */,
			);
			runOnlyForDeploymentPostprocessing = 0;
		};
/* End PBXResourcesBuildPhase section */

/* Begin PBXSourcesBuildPhase section */
		F692FE56236EE8CD00F13E09 /* Sources */ = {
			isa = PBXSourcesBuildPhase;
			buildActionMask = 2147483647;
			files = (
				F692FE62236EE8CD00F13E09 /* ViewController.swift in Sources */,
				F692FE5E236EE8CD00F13E09 /* AppDelegate.swift in Sources */,
				F692FE72236EE8E300F13E09 /* SimpleRedux.swift in Sources */,
				F692FE60236EE8CD00F13E09 /* SceneDelegate.swift in Sources */,
			);
			runOnlyForDeploymentPostprocessing = 0;
		};
/* End PBXSourcesBuildPhase section */

/* Begin PBXVariantGroup section */
		F692FE63236EE8CD00F13E09 /* Main.storyboard */ = {
			isa = PBXVariantGroup;
			children = (
				F692FE64236EE8CD00F13E09 /* Base */,
			);
			name = Main.storyboard;
			sourceTree = "<group>";
		};
		F692FE68236EE8CE00F13E09 /* LaunchScreen.storyboard */ = {
			isa = PBXVariantGroup;
			children = (
				F692FE69236EE8CE00F13E09 /* Base */,
			);
			name = LaunchScreen.storyboard;
			sourceTree = "<group>";
		};
/* End PBXVariantGroup section */

/* Begin XCBuildConfiguration section */
		F692FE6C236EE8CE00F13E09 /* Debug */ = {
			isa = XCBuildConfiguration;
			buildSettings = {
				ALWAYS_SEARCH_USER_PATHS = NO;
				CLANG_ANALYZER_NONNULL = YES;
				CLANG_ANALYZER_NUMBER_OBJECT_CONVERSION = YES_AGGRESSIVE;
				CLANG_CXX_LANGUAGE_STANDARD = "gnu++14";
				CLANG_CXX_LIBRARY = "libc++";
				CLANG_ENABLE_MODULES = YES;
				CLANG_ENABLE_OBJC_ARC = YES;
				CLANG_ENABLE_OBJC_WEAK = YES;
				CLANG_WARN_BLOCK_CAPTURE_AUTORELEASING = YES;
				CLANG_WARN_BOOL_CONVERSION = YES;
				CLANG_WARN_COMMA = YES;
				CLANG_WARN_CONSTANT_CONVERSION = YES;
				CLANG_WARN_DEPRECATED_OBJC_IMPLEMENTATIONS = YES;
				CLANG_WARN_DIRECT_OBJC_ISA_USAGE = YES_ERROR;
				CLANG_WARN_DOCUMENTATION_COMMENTS = YES;
				CLANG_WARN_EMPTY_BODY = YES;
				CLANG_WARN_ENUM_CONVERSION = YES;
				CLANG_WARN_INFINITE_RECURSION = YES;
				CLANG_WARN_INT_CONVERSION = YES;
				CLANG_WARN_NON_LITERAL_NULL_CONVERSION = YES;
				CLANG_WARN_OBJC_IMPLICIT_RETAIN_SELF = YES;
				CLANG_WARN_OBJC_LITERAL_CONVERSION = YES;
				CLANG_WARN_OBJC_ROOT_CLASS = YES_ERROR;
				CLANG_WARN_RANGE_LOOP_ANALYSIS = YES;
				CLANG_WARN_STRICT_PROTOTYPES = YES;
				CLANG_WARN_SUSPICIOUS_MOVE = YES;
				CLANG_WARN_UNGUARDED_AVAILABILITY = YES_AGGRESSIVE;
				CLANG_WARN_UNREACHABLE_CODE = YES;
				CLANG_WARN__DUPLICATE_METHOD_MATCH = YES;
				COPY_PHASE_STRIP = NO;
				DEBUG_INFORMATION_FORMAT = dwarf;
				ENABLE_STRICT_OBJC_MSGSEND = YES;
				ENABLE_TESTABILITY = YES;
				GCC_C_LANGUAGE_STANDARD = gnu11;
				GCC_DYNAMIC_NO_PIC = NO;
				GCC_NO_COMMON_BLOCKS = YES;
				GCC_OPTIMIZATION_LEVEL = 0;
				GCC_PREPROCESSOR_DEFINITIONS = (
					"DEBUG=1",
					"$(inherited)",
				);
				GCC_WARN_64_TO_32_BIT_CONVERSION = YES;
				GCC_WARN_ABOUT_RETURN_TYPE = YES_ERROR;
				GCC_WARN_UNDECLARED_SELECTOR = YES;
				GCC_WARN_UNINITIALIZED_AUTOS = YES_AGGRESSIVE;
				GCC_WARN_UNUSED_FUNCTION = YES;
				GCC_WARN_UNUSED_VARIABLE = YES;
				IPHONEOS_DEPLOYMENT_TARGET = 13.0;
				MTL_ENABLE_DEBUG_INFO = INCLUDE_SOURCE;
				MTL_FAST_MATH = YES;
				ONLY_ACTIVE_ARCH = YES;
				SDKROOT = iphoneos;
				SWIFT_ACTIVE_COMPILATION_CONDITIONS = DEBUG;
				SWIFT_OPTIMIZATION_LEVEL = "-Onone";
			};
			name = Debug;
		};
		F692FE6D236EE8CE00F13E09 /* Release */ = {
			isa = XCBuildConfiguration;
			buildSettings = {
				ALWAYS_SEARCH_USER_PATHS = NO;
				CLANG_ANALYZER_NONNULL = YES;
				CLANG_ANALYZER_NUMBER_OBJECT_CONVERSION = YES_AGGRESSIVE;
				CLANG_CXX_LANGUAGE_STANDARD = "gnu++14";
				CLANG_CXX_LIBRARY = "libc++";
				CLANG_ENABLE_MODULES = YES;
				CLANG_ENABLE_OBJC_ARC = YES;
				CLANG_ENABLE_OBJC_WEAK = YES;
				CLANG_WARN_BLOCK_CAPTURE_AUTORELEASING = YES;
				CLANG_WARN_BOOL_CONVERSION = YES;
				CLANG_WARN_COMMA = YES;
				CLANG_WARN_CONSTANT_CONVERSION = YES;
				CLANG_WARN_DEPRECATED_OBJC_IMPLEMENTATIONS = YES;
				CLANG_WARN_DIRECT_OBJC_ISA_USAGE = YES_ERROR;
				CLANG_WARN_DOCUMENTATION_COMMENTS = YES;
				CLANG_WARN_EMPTY_BODY = YES;
				CLANG_WARN_ENUM_CONVERSION = YES;
				CLANG_WARN_INFINITE_RECURSION = YES;
				CLANG_WARN_INT_CONVERSION = YES;
				CLANG_WARN_NON_LITERAL_NULL_CONVERSION = YES;
				CLANG_WARN_OBJC_IMPLICIT_RETAIN_SELF = YES;
				CLANG_WARN_OBJC_LITERAL_CONVERSION = YES;
				CLANG_WARN_OBJC_ROOT_CLASS = YES_ERROR;
				CLANG_WARN_RANGE_LOOP_ANALYSIS = YES;
				CLANG_WARN_STRICT_PROTOTYPES = YES;
				CLANG_WARN_SUSPICIOUS_MOVE = YES;
				CLANG_WARN_UNGUARDED_AVAILABILITY = YES_AGGRESSIVE;
				CLANG_WARN_UNREACHABLE_CODE = YES;
				CLANG_WARN__DUPLICATE_METHOD_MATCH = YES;
				COPY_PHASE_STRIP = NO;
				DEBUG_INFORMATION_FORMAT = "dwarf-with-dsym";
				ENABLE_NS_ASSERTIONS = NO;
				ENABLE_STRICT_OBJC_MSGSEND = YES;
				GCC_C_LANGUAGE_STANDARD = gnu11;
				GCC_NO_COMMON_BLOCKS = YES;
				GCC_WARN_64_TO_32_BIT_CONVERSION = YES;
				GCC_WARN_ABOUT_RETURN_TYPE = YES_ERROR;
				GCC_WARN_UNDECLARED_SELECTOR = YES;
				GCC_WARN_UNINITIALIZED_AUTOS = YES_AGGRESSIVE;
				GCC_WARN_UNUSED_FUNCTION = YES;
				GCC_WARN_UNUSED_VARIABLE = YES;
				IPHONEOS_DEPLOYMENT_TARGET = 13.0;
				MTL_ENABLE_DEBUG_INFO = NO;
				MTL_FAST_MATH = YES;
				SDKROOT = iphoneos;
				SWIFT_COMPILATION_MODE = wholemodule;
				SWIFT_OPTIMIZATION_LEVEL = "-O";
				VALIDATE_PRODUCT = YES;
			};
			name = Release;
		};
		F692FE6F236EE8CE00F13E09 /* Debug */ = {
			isa = XCBuildConfiguration;
			buildSettings = {
				ASSETCATALOG_COMPILER_APPICON_NAME = AppIcon;
				CODE_SIGN_STYLE = Automatic;
				DEVELOPMENT_TEAM = 8WVY7978Q8;
				INFOPLIST_FILE = ReduxTest/Info.plist;
				LD_RUNPATH_SEARCH_PATHS = (
					"$(inherited)",
					"@executable_path/Frameworks",
				);
				PRODUCT_BUNDLE_IDENTIFIER = Lion.ReduxTest;
				PRODUCT_NAME = "$(TARGET_NAME)";
				SWIFT_VERSION = 5.0;
				TARGETED_DEVICE_FAMILY = "1,2";
			};
			name = Debug;
		};
		F692FE70236EE8CE00F13E09 /* Release */ = {
			isa = XCBuildConfiguration;
			buildSettings = {
				ASSETCATALOG_COMPILER_APPICON_NAME = AppIcon;
				CODE_SIGN_STYLE = Automatic;
				DEVELOPMENT_TEAM = 8WVY7978Q8;
				INFOPLIST_FILE = ReduxTest/Info.plist;
				LD_RUNPATH_SEARCH_PATHS = (
					"$(inherited)",
					"@executable_path/Frameworks",
				);
				PRODUCT_BUNDLE_IDENTIFIER = Lion.ReduxTest;
				PRODUCT_NAME = "$(TARGET_NAME)";
				SWIFT_VERSION = 5.0;
				TARGETED_DEVICE_FAMILY = "1,2";
			};
			name = Release;
		};
/* End XCBuildConfiguration section */

/* Begin XCConfigurationList section */
		F692FE55236EE8CD00F13E09 /* Build configuration list for PBXProject "ReduxTest" */ = {
			isa = XCConfigurationList;
			buildConfigurations = (
				F692FE6C236EE8CE00F13E09 /* Debug */,
				F692FE6D236EE8CE00F13E09 /* Release */,
			);
			defaultConfigurationIsVisible = 0;
			defaultConfigurationName = Release;
		};
		F692FE6E236EE8CE00F13E09 /* Build configuration list for PBXNativeTarget "ReduxTest" */ = {
			isa = XCConfigurationList;
			buildConfigurations = (
				F692FE6F236EE8CE00F13E09 /* Debug */,
				F692FE70236EE8CE00F13E09 /* Release */,
			);
			defaultConfigurationIsVisible = 0;
			defaultConfigurationName = Release;
		};
/* End XCConfigurationList section */
	};
	rootObject = F692FE52236EE8CD00F13E09 /* Project object */;
}
